// !$*UTF8*$!
{
	archiveVersion = 1;
	classes = {
	};
	objectVersion = 46;
	objects = {

/* Begin PBXBuildFile section */
		725E6A851AA715DF003383E7 /* main.m in Sources */ = {isa = PBXBuildFile; fileRef = 725E6A841AA715DF003383E7 /* main.m */; };
		725E6A881AA715DF003383E7 /* AppDelegate.m in Sources */ = {isa = PBXBuildFile; fileRef = 725E6A871AA715DF003383E7 /* AppDelegate.m */; };
		725E6A8B1AA715DF003383E7 /* ViewController.m in Sources */ = {isa = PBXBuildFile; fileRef = 725E6A8A1AA715DF003383E7 /* ViewController.m */; };
		725E6A8E1AA715DF003383E7 /* Main.storyboard in Resources */ = {isa = PBXBuildFile; fileRef = 725E6A8C1AA715DF003383E7 /* Main.storyboard */; };
		725E6A901AA715DF003383E7 /* Images.xcassets in Resources */ = {isa = PBXBuildFile; fileRef = 725E6A8F1AA715DF003383E7 /* Images.xcassets */; };
		725E6A931AA715DF003383E7 /* LaunchScreen.xib in Resources */ = {isa = PBXBuildFile; fileRef = 725E6A911AA715DF003383E7 /* LaunchScreen.xib */; };
		725E6A9F1AA715DF003383E7 /* OmikuziTests.m in Sources */ = {isa = PBXBuildFile; fileRef = 725E6A9E1AA715DF003383E7 /* OmikuziTests.m */; };
		725E6AA91AA717A0003383E7 /* omikujibutton.png in Resources */ = {isa = PBXBuildFile; fileRef = 725E6AA81AA717A0003383E7 /* omikujibutton.png */; };
		725E6AAC1AA719AF003383E7 /* SecondViewController.m in Sources */ = {isa = PBXBuildFile; fileRef = 725E6AAB1AA719AF003383E7 /* SecondViewController.m */; };
		728E34EA1AB00B7800CBF6C3 /* zinzya2.png in Resources */ = {isa = PBXBuildFile; fileRef = 728E34E91AB00B7800CBF6C3 /* zinzya2.png */; };
		728E34F01AB00F3B00CBF6C3 /* Mushimegane2.png in Resources */ = {isa = PBXBuildFile; fileRef = 728E34EF1AB00F3B00CBF6C3 /* Mushimegane2.png */; };
		728E34F21AB0135200CBF6C3 /* mituzitutu.png in Resources */ = {isa = PBXBuildFile; fileRef = 728E34F11AB0135200CBF6C3 /* mituzitutu.png */; };
		728E34F41AB0146A00CBF6C3 /* mikuzi.jpg in Resources */ = {isa = PBXBuildFile; fileRef = 728E34F31AB0146A00CBF6C3 /* mikuzi.jpg */; };
		728E34F61AB0167B00CBF6C3 /* yajirusi.png in Resources */ = {isa = PBXBuildFile; fileRef = 728E34F51AB0167B00CBF6C3 /* yajirusi.png */; };
/* End PBXBuildFile section */

/* Begin PBXContainerItemProxy section */
		725E6A991AA715DF003383E7 /* PBXContainerItemProxy */ = {
			isa = PBXContainerItemProxy;
			containerPortal = 725E6A771AA715DF003383E7 /* Project object */;
			proxyType = 1;
			remoteGlobalIDString = 725E6A7E1AA715DF003383E7;
			remoteInfo = Omikuzi;
		};
/* End PBXContainerItemProxy section */

/* Begin PBXFileReference section */
		725E6A7F1AA715DF003383E7 /* Omikuzi.app */ = {isa = PBXFileReference; explicitFileType = wrapper.application; includeInIndex = 0; path = Omikuzi.app; sourceTree = BUILT_PRODUCTS_DIR; };
		725E6A831AA715DF003383E7 /* Info.plist */ = {isa = PBXFileReference; lastKnownFileType = text.plist.xml; path = Info.plist; sourceTree = "<group>"; };
		725E6A841AA715DF003383E7 /* main.m */ = {isa = PBXFileReference; lastKnownFileType = sourcecode.c.objc; path = main.m; sourceTree = "<group>"; };
		725E6A861AA715DF003383E7 /* AppDelegate.h */ = {isa = PBXFileReference; lastKnownFileType = sourcecode.c.h; path = AppDelegate.h; sourceTree = "<group>"; };
		725E6A871AA715DF003383E7 /* AppDelegate.m */ = {isa = PBXFileReference; lastKnownFileType = sourcecode.c.objc; path = AppDelegate.m; sourceTree = "<group>"; };
		725E6A891AA715DF003383E7 /* ViewController.h */ = {isa = PBXFileReference; lastKnownFileType = sourcecode.c.h; path = ViewController.h; sourceTree = "<group>"; };
		725E6A8A1AA715DF003383E7 /* ViewController.m */ = {isa = PBXFileReference; lastKnownFileType = sourcecode.c.objc; path = ViewController.m; sourceTree = "<group>"; };
		725E6A8D1AA715DF003383E7 /* Base */ = {isa = PBXFileReference; lastKnownFileType = file.storyboard; name = Base; path = Base.lproj/Main.storyboard; sourceTree = "<group>"; };
		725E6A8F1AA715DF003383E7 /* Images.xcassets */ = {isa = PBXFileReference; lastKnownFileType = folder.assetcatalog; path = Images.xcassets; sourceTree = "<group>"; };
		725E6A921AA715DF003383E7 /* Base */ = {isa = PBXFileReference; lastKnownFileType = file.xib; name = Base; path = Base.lproj/LaunchScreen.xib; sourceTree = "<group>"; };
		725E6A981AA715DF003383E7 /* OmikuziTests.xctest */ = {isa = PBXFileReference; explicitFileType = wrapper.cfbundle; includeInIndex = 0; path = OmikuziTests.xctest; sourceTree = BUILT_PRODUCTS_DIR; };
		725E6A9D1AA715DF003383E7 /* Info.plist */ = {isa = PBXFileReference; lastKnownFileType = text.plist.xml; path = Info.plist; sourceTree = "<group>"; };
		725E6A9E1AA715DF003383E7 /* OmikuziTests.m */ = {isa = PBXFileReference; lastKnownFileType = sourcecode.c.objc; path = OmikuziTests.m; sourceTree = "<group>"; };
		725E6AA81AA717A0003383E7 /* omikujibutton.png */ = {isa = PBXFileReference; lastKnownFileType = image.png; path = omikujibutton.png; sourceTree = "<group>"; };
		725E6AAA1AA719AF003383E7 /* SecondViewController.h */ = {isa = PBXFileReference; fileEncoding = 4; lastKnownFileType = sourcecode.c.h; path = SecondViewController.h; sourceTree = "<group>"; };
		725E6AAB1AA719AF003383E7 /* SecondViewController.m */ = {isa = PBXFileReference; fileEncoding = 4; lastKnownFileType = sourcecode.c.objc; path = SecondViewController.m; sourceTree = "<group>"; };
		728E34E91AB00B7800CBF6C3 /* zinzya2.png */ = {isa = PBXFileReference; lastKnownFileType = image.png; path = zinzya2.png; sourceTree = "<group>"; };
		728E34EF1AB00F3B00CBF6C3 /* Mushimegane2.png */ = {isa = PBXFileReference; lastKnownFileType = image.png; path = Mushimegane2.png; sourceTree = "<group>"; };
		728E34F11AB0135200CBF6C3 /* mituzitutu.png */ = {isa = PBXFileReference; lastKnownFileType = image.png; path = mituzitutu.png; sourceTree = "<group>"; };
		728E34F31AB0146A00CBF6C3 /* mikuzi.jpg */ = {isa = PBXFileReference; lastKnownFileType = image.jpeg; path = mikuzi.jpg; sourceTree = "<group>"; };
		728E34F51AB0167B00CBF6C3 /* yajirusi.png */ = {isa = PBXFileReference; lastKnownFileType = image.png; path = yajirusi.png; sourceTree = "<group>"; };
/* End PBXFileReference section */

/* Begin PBXFrameworksBuildPhase section */
		725E6A7C1AA715DF003383E7 /* Frameworks */ = {
			isa = PBXFrameworksBuildPhase;
			buildActionMask = 2147483647;
			files = (
			);
			runOnlyForDeploymentPostprocessing = 0;
		};
		725E6A951AA715DF003383E7 /* Frameworks */ = {
			isa = PBXFrameworksBuildPhase;
			buildActionMask = 2147483647;
			files = (
			);
			runOnlyForDeploymentPostprocessing = 0;
		};
/* End PBXFrameworksBuildPhase section */

/* Begin PBXGroup section */
		725E6A761AA715DF003383E7 = {
			isa = PBXGroup;
			children = (
				725E6A811AA715DF003383E7 /* Omikuzi */,
				725E6A9B1AA715DF003383E7 /* OmikuziTests */,
				725E6A801AA715DF003383E7 /* Products */,
			);
			sourceTree = "<group>";
		};
		725E6A801AA715DF003383E7 /* Products */ = {
			isa = PBXGroup;
			children = (
				725E6A7F1AA715DF003383E7 /* Omikuzi.app */,
				725E6A981AA715DF003383E7 /* OmikuziTests.xctest */,
			);
			name = Products;
			sourceTree = "<group>";
		};
		725E6A811AA715DF003383E7 /* Omikuzi */ = {
			isa = PBXGroup;
			children = (
				725E6A861AA715DF003383E7 /* AppDelegate.h */,
				725E6A871AA715DF003383E7 /* AppDelegate.m */,
				725E6A891AA715DF003383E7 /* ViewController.h */,
				725E6A8A1AA715DF003383E7 /* ViewController.m */,
				725E6AAA1AA719AF003383E7 /* SecondViewController.h */,
				725E6AAB1AA719AF003383E7 /* SecondViewController.m */,
				725E6A8C1AA715DF003383E7 /* Main.storyboard */,
				728E34F51AB0167B00CBF6C3 /* yajirusi.png */,
				728E34F31AB0146A00CBF6C3 /* mikuzi.jpg */,
				728E34F11AB0135200CBF6C3 /* mituzitutu.png */,
				728E34E91AB00B7800CBF6C3 /* zinzya2.png */,
				728E34EF1AB00F3B00CBF6C3 /* Mushimegane2.png */,
				725E6AA81AA717A0003383E7 /* omikujibutton.png */,
				725E6A8F1AA715DF003383E7 /* Images.xcassets */,
				725E6A911AA715DF003383E7 /* LaunchScreen.xib */,
				725E6A821AA715DF003383E7 /* Supporting Files */,
			);
			path = Omikuzi;
			sourceTree = "<group>";
		};
		725E6A821AA715DF003383E7 /* Supporting Files */ = {
			isa = PBXGroup;
			children = (
				725E6A831AA715DF003383E7 /* Info.plist */,
				725E6A841AA715DF003383E7 /* main.m */,
			);
			name = "Supporting Files";
			sourceTree = "<group>";
		};
		725E6A9B1AA715DF003383E7 /* OmikuziTests */ = {
			isa = PBXGroup;
			children = (
				725E6A9E1AA715DF003383E7 /* OmikuziTests.m */,
				725E6A9C1AA715DF003383E7 /* Supporting Files */,
			);
			path = OmikuziTests;
			sourceTree = "<group>";
		};
		725E6A9C1AA715DF003383E7 /* Supporting Files */ = {
			isa = PBXGroup;
			children = (
				725E6A9D1AA715DF003383E7 /* Info.plist */,
			);
			name = "Supporting Files";
			sourceTree = "<group>";
		};
/* End PBXGroup section */

/* Begin PBXNativeTarget section */
		725E6A7E1AA715DF003383E7 /* Omikuzi */ = {
			isa = PBXNativeTarget;
			buildConfigurationList = 725E6AA21AA715DF003383E7 /* Build configuration list for PBXNativeTarget "Omikuzi" */;
			buildPhases = (
				725E6A7B1AA715DF003383E7 /* Sources */,
				725E6A7C1AA715DF003383E7 /* Frameworks */,
				725E6A7D1AA715DF003383E7 /* Resources */,
			);
			buildRules = (
			);
			dependencies = (
			);
			name = Omikuzi;
			productName = Omikuzi;
			productReference = 725E6A7F1AA715DF003383E7 /* Omikuzi.app */;
			productType = "com.apple.product-type.application";
		};
		725E6A971AA715DF003383E7 /* OmikuziTests */ = {
			isa = PBXNativeTarget;
			buildConfigurationList = 725E6AA51AA715DF003383E7 /* Build configuration list for PBXNativeTarget "OmikuziTests" */;
			buildPhases = (
				725E6A941AA715DF003383E7 /* Sources */,
				725E6A951AA715DF003383E7 /* Frameworks */,
				725E6A961AA715DF003383E7 /* Resources */,
			);
			buildRules = (
			);
			dependencies = (
				725E6A9A1AA715DF003383E7 /* PBXTargetDependency */,
			);
			name = OmikuziTests;
			productName = OmikuziTests;
			productReference = 725E6A981AA715DF003383E7 /* OmikuziTests.xctest */;
			productType = "com.apple.product-type.bundle.unit-test";
		};
/* End PBXNativeTarget section */

/* Begin PBXProject section */
		725E6A771AA715DF003383E7 /* Project object */ = {
			isa = PBXProject;
			attributes = {
				LastUpgradeCheck = 0610;
				ORGANIZATIONNAME = "並木一晃";
				TargetAttributes = {
					725E6A7E1AA715DF003383E7 = {
						CreatedOnToolsVersion = 6.1.1;
					};
					725E6A971AA715DF003383E7 = {
						CreatedOnToolsVersion = 6.1.1;
						TestTargetID = 725E6A7E1AA715DF003383E7;
					};
				};
			};
			buildConfigurationList = 725E6A7A1AA715DF003383E7 /* Build configuration list for PBXProject "Omikuzi" */;
			compatibilityVersion = "Xcode 3.2";
			developmentRegion = English;
			hasScannedForEncodings = 0;
			knownRegions = (
				en,
				Base,
			);
			mainGroup = 725E6A761AA715DF003383E7;
			productRefGroup = 725E6A801AA715DF003383E7 /* Products */;
			projectDirPath = "";
			projectRoot = "";
			targets = (
				725E6A7E1AA715DF003383E7 /* Omikuzi */,
				725E6A971AA715DF003383E7 /* OmikuziTests */,
			);
		};
/* End PBXProject section */

/* Begin PBXResourcesBuildPhase section */
		725E6A7D1AA715DF003383E7 /* Resources */ = {
			isa = PBXResourcesBuildPhase;
			buildActionMask = 2147483647;
			files = (
				728E34F01AB00F3B00CBF6C3 /* Mushimegane2.png in Resources */,
				728E34EA1AB00B7800CBF6C3 /* zinzya2.png in Resources */,
				725E6AA91AA717A0003383E7 /* omikujibutton.png in Resources */,
				725E6A8E1AA715DF003383E7 /* Main.storyboard in Resources */,
				725E6A931AA715DF003383E7 /* LaunchScreen.xib in Resources */,
				728E34F21AB0135200CBF6C3 /* mituzitutu.png in Resources */,
				725E6A901AA715DF003383E7 /* Images.xcassets in Resources */,
				728E34F61AB0167B00CBF6C3 /* yajirusi.png in Resources */,
				728E34F41AB0146A00CBF6C3 /* mikuzi.jpg in Resources */,
			);
			runOnlyForDeploymentPostprocessing = 0;
		};
		725E6A961AA715DF003383E7 /* Resources */ = {
			isa = PBXResourcesBuildPhase;
			buildActionMask = 2147483647;
			files = (
			);
			runOnlyForDeploymentPostprocessing = 0;
		};
/* End PBXResourcesBuildPhase section */

/* Begin PBXSourcesBuildPhase section */
		725E6A7B1AA715DF003383E7 /* Sources */ = {
			isa = PBXSourcesBuildPhase;
			buildActionMask = 2147483647;
			files = (
				725E6AAC1AA719AF003383E7 /* SecondViewController.m in Sources */,
				725E6A8B1AA715DF003383E7 /* ViewController.m in Sources */,
				725E6A881AA715DF003383E7 /* AppDelegate.m in Sources */,
				725E6A851AA715DF003383E7 /* main.m in Sources */,
			);
			runOnlyForDeploymentPostprocessing = 0;
		};
		725E6A941AA715DF003383E7 /* Sources */ = {
			isa = PBXSourcesBuildPhase;
			buildActionMask = 2147483647;
			files = (
				725E6A9F1AA715DF003383E7 /* OmikuziTests.m in Sources */,
			);
			runOnlyForDeploymentPostprocessing = 0;
		};
/* End PBXSourcesBuildPhase section */

/* Begin PBXTargetDependency section */
		725E6A9A1AA715DF003383E7 /* PBXTargetDependency */ = {
			isa = PBXTargetDependency;
			target = 725E6A7E1AA715DF003383E7 /* Omikuzi */;
			targetProxy = 725E6A991AA715DF003383E7 /* PBXContainerItemProxy */;
		};
/* End PBXTargetDependency section */

/* Begin PBXVariantGroup section */
		725E6A8C1AA715DF003383E7 /* Main.storyboard */ = {
			isa = PBXVariantGroup;
			children = (
				725E6A8D1AA715DF003383E7 /* Base */,
			);
			name = Main.storyboard;
			sourceTree = "<group>";
		};
		725E6A911AA715DF003383E7 /* LaunchScreen.xib */ = {
			isa = PBXVariantGroup;
			children = (
				725E6A921AA715DF003383E7 /* Base */,
			);
			name = LaunchScreen.xib;
			sourceTree = "<group>";
		};
/* End PBXVariantGroup section */

/* Begin XCBuildConfiguration section */
		725E6AA01AA715DF003383E7 /* Debug */ = {
			isa = XCBuildConfiguration;
			buildSettings = {
				ALWAYS_SEARCH_USER_PATHS = NO;
				CLANG_CXX_LANGUAGE_STANDARD = "gnu++0x";
				CLANG_CXX_LIBRARY = "libc++";
				CLANG_ENABLE_MODULES = YES;
				CLANG_ENABLE_OBJC_ARC = YES;
				CLANG_WARN_BOOL_CONVERSION = YES;
				CLANG_WARN_CONSTANT_CONVERSION = YES;
				CLANG_WARN_DIRECT_OBJC_ISA_USAGE = YES_ERROR;
				CLANG_WARN_EMPTY_BODY = YES;
				CLANG_WARN_ENUM_CONVERSION = YES;
				CLANG_WARN_INT_CONVERSION = YES;
				CLANG_WARN_OBJC_ROOT_CLASS = YES_ERROR;
				CLANG_WARN_UNREACHABLE_CODE = YES;
				CLANG_WARN__DUPLICATE_METHOD_MATCH = YES;
				"CODE_SIGN_IDENTITY[sdk=iphoneos*]" = "iPhone Developer";
				COPY_PHASE_STRIP = NO;
				ENABLE_STRICT_OBJC_MSGSEND = YES;
				GCC_C_LANGUAGE_STANDARD = gnu99;
				GCC_DYNAMIC_NO_PIC = NO;
				GCC_OPTIMIZATION_LEVEL = 0;
				GCC_PREPROCESSOR_DEFINITIONS = (
					"DEBUG=1",
					"$(inherited)",
				);
				GCC_SYMBOLS_PRIVATE_EXTERN = NO;
				GCC_WARN_64_TO_32_BIT_CONVERSION = YES;
				GCC_WARN_ABOUT_RETURN_TYPE = YES_ERROR;
				GCC_WARN_UNDECLARED_SELECTOR = YES;
				GCC_WARN_UNINITIALIZED_AUTOS = YES_AGGRESSIVE;
				GCC_WARN_UNUSED_FUNCTION = YES;
				GCC_WARN_UNUSED_VARIABLE = YES;
				IPHONEOS_DEPLOYMENT_TARGET = 8.1;
				MTL_ENABLE_DEBUG_INFO = YES;
				ONLY_ACTIVE_ARCH = YES;
				SDKROOT = iphoneos;
			};
			name = Debug;
		};
		725E6AA11AA715DF003383E7 /* Release */ = {
			isa = XCBuildConfiguration;
			buildSettings = {
				ALWAYS_SEARCH_USER_PATHS = NO;
				CLANG_CXX_LANGUAGE_STANDARD = "gnu++0x";
				CLANG_CXX_LIBRARY = "libc++";
				CLANG_ENABLE_MODULES = YES;
				CLANG_ENABLE_OBJC_ARC = YES;
				CLANG_WARN_BOOL_CONVERSION = YES;
				CLANG_WARN_CONSTANT_CONVERSION = YES;
				CLANG_WARN_DIRECT_OBJC_ISA_USAGE = YES_ERROR;
				CLANG_WARN_EMPTY_BODY = YES;
				CLANG_WARN_ENUM_CONVERSION = YES;
				CLANG_WARN_INT_CONVERSION = YES;
				CLANG_WARN_OBJC_ROOT_CLASS = YES_ERROR;
				CLANG_WARN_UNREACHABLE_CODE = YES;
				CLANG_WARN__DUPLICATE_METHOD_MATCH = YES;
				"CODE_SIGN_IDENTITY[sdk=iphoneos*]" = "iPhone Developer";
				COPY_PHASE_STRIP = YES;
				ENABLE_NS_ASSERTIONS = NO;
				ENABLE_STRICT_OBJC_MSGSEND = YES;
				GCC_C_LANGUAGE_STANDARD = gnu99;
				GCC_WARN_64_TO_32_BIT_CONVERSION = YES;
				GCC_WARN_ABOUT_RETURN_TYPE = YES_ERROR;
				GCC_WARN_UNDECLARED_SELECTOR = YES;
				GCC_WARN_UNINITIALIZED_AUTOS = YES_AGGRESSIVE;
				GCC_WARN_UNUSED_FUNCTION = YES;
				GCC_WARN_UNUSED_VARIABLE = YES;
				IPHONEOS_DEPLOYMENT_TARGET = 8.1;
				MTL_ENABLE_DEBUG_INFO = NO;
				SDKROOT = iphoneos;
				VALIDATE_PRODUCT = YES;
			};
			name = Release;
		};
		725E6AA31AA715DF003383E7 /* Debug */ = {
			isa = XCBuildConfiguration;
			buildSettings = {
				ASSETCATALOG_COMPILER_APPICON_NAME = AppIcon;
				INFOPLIST_FILE = Omikuzi/Info.plist;
				LD_RUNPATH_SEARCH_PATHS = "$(inherited) @executable_path/Frameworks";
				PRODUCT_NAME = "$(TARGET_NAME)";
			};
			name = Debug;
		};
		725E6AA41AA715DF003383E7 /* Release */ = {
			isa = XCBuildConfiguration;
			buildSettings = {
				ASSETCATALOG_COMPILER_APPICON_NAME = AppIcon;
				INFOPLIST_FILE = Omikuzi/Info.plist;
				LD_RUNPATH_SEARCH_PATHS = "$(inherited) @executable_path/Frameworks";
				PRODUCT_NAME = "$(TARGET_NAME)";
			};
			name = Release;
		};
		725E6AA61AA715DF003383E7 /* Debug */ = {
			isa = XCBuildConfiguration;
			buildSettings = {
				BUNDLE_LOADER = "$(TEST_HOST)";
				FRAMEWORK_SEARCH_PATHS = (
					"$(SDKROOT)/Developer/Library/Frameworks",
					"$(inherited)",
				);
				GCC_PREPROCESSOR_DEFINITIONS = (
					"DEBUG=1",
					"$(inherited)",
				);
				INFOPLIST_FILE = OmikuziTests/Info.plist;
				LD_RUNPATH_SEARCH_PATHS = "$(inherited) @executable_path/Frameworks @loader_path/Frameworks";
				PRODUCT_NAME = "$(TARGET_NAME)";
				TEST_HOST = "$(BUILT_PRODUCTS_DIR)/Omikuzi.app/Omikuzi";
			};
			name = Debug;
		};
		725E6AA71AA715DF003383E7 /* Release */ = {
			isa = XCBuildConfiguration;
			buildSettings = {
				BUNDLE_LOADER = "$(TEST_HOST)";
				FRAMEWORK_SEARCH_PATHS = (
					"$(SDKROOT)/Developer/Library/Frameworks",
					"$(inherited)",
				);
				INFOPLIST_FILE = OmikuziTests/Info.plist;
				LD_RUNPATH_SEARCH_PATHS = "$(inherited) @executable_path/Frameworks @loader_path/Frameworks";
				PRODUCT_NAME = "$(TARGET_NAME)";
				TEST_HOST = "$(BUILT_PRODUCTS_DIR)/Omikuzi.app/Omikuzi";
			};
			name = Release;
		};
/* End XCBuildConfiguration section */

/* Begin XCConfigurationList section */
		725E6A7A1AA715DF003383E7 /* Build configuration list for PBXProject "Omikuzi" */ = {
			isa = XCConfigurationList;
			buildConfigurations = (
				725E6AA01AA715DF003383E7 /* Debug */,
				725E6AA11AA715DF003383E7 /* Release */,
			);
			defaultConfigurationIsVisible = 0;
			defaultConfigurationName = Release;
		};
		725E6AA21AA715DF003383E7 /* Build configuration list for PBXNativeTarget "Omikuzi" */ = {
			isa = XCConfigurationList;
			buildConfigurations = (
				725E6AA31AA715DF003383E7 /* Debug */,
				725E6AA41AA715DF003383E7 /* Release */,
			);
			defaultConfigurationIsVisible = 0;
			defaultConfigurationName = Release;
		};
		725E6AA51AA715DF003383E7 /* Build configuration list for PBXNativeTarget "OmikuziTests" */ = {
			isa = XCConfigurationList;
			buildConfigurations = (
				725E6AA61AA715DF003383E7 /* Debug */,
				725E6AA71AA715DF003383E7 /* Release */,
			);
			defaultConfigurationIsVisible = 0;
			defaultConfigurationName = Release;
		};
/* End XCConfigurationList section */
	};
	rootObject = 725E6A771AA715DF003383E7 /* Project object */;
}
